# Auto-generated by mcpp. Do not edit by hand.
# Records what this build resolved. It does not yet pin future builds:
# index dependencies are re-resolved from their constraints each time.
# dev-dependencies are excluded: only `mcpp test` resolves them, and this
# file must not change depending on which command ran last.
version = 2

[package."compat.curl"]
namespace = "compat"
version = "8.21.0"
source  = "index+compat@8.21.0"
hash    = "fnv1a:ec229f0a260076bc"

